
Microsoft Visual Studio Solution File, Format Version 12.00
# Visual Studio Version 17
VisualStudioVersion = 17.4.33103.184
MinimumVisualStudioVersion = 10.0.40219.1
Project("{FAE04EC0-301F-11D3-BF4B-00C04F79EFBC}") = "rozetka_wpf", "rozetka_wpf.csproj", "{38249114-A1F4-4835-8BE6-CA80202CA390}"
EndProject
Global
	GlobalSection(SolutionConfigurationPlatforms) = preSolution
		Debug|Any CPU = Debug|Any CPU
		Release|Any CPU = Release|Any CPU
	EndGlobalSection
	GlobalSection(ProjectConfigurationPlatforms) = postSolution
		{38249114-A1F4-4835-8BE6-CA80202CA390}.Debug|Any CPU.ActiveCfg = Debug|Any CPU
		{38249114-A1F4-4835-8BE6-CA80202CA390}.Debug|Any CPU.Build.0 = Debug|Any CPU
		{38249114-A1F4-4835-8BE6-CA80202CA390}.Release|Any CPU.ActiveCfg = Release|Any CPU
		{38249114-A1F4-4835-8BE6-CA80202CA390}.Release|Any CPU.Build.0 = Release|Any CPU
	EndGlobalSection
	GlobalSection(SolutionProperties) = preSolution
		HideSolutionNode = FALSE
	EndGlobalSection
	GlobalSection(ExtensibilityGlobals) = postSolution
		SolutionGuid = {5CD3E9AF-EF45-458E-97AA-D2773D53D90A}
	EndGlobalSection
EndGlobal
